
Microsoft Visual Studio Solution File, Format Version 12.00
# Visual Studio 15
VisualStudioVersion = 15.0.28307.168
MinimumVisualStudioVersion = 10.0.40219.1
Project("{FAE04EC0-301F-11D3-BF4B-00C04F79EFBC}") = "PasswordManager", "PasswordManager\PasswordManager.csproj", "{22022209-9E4A-4AF2-AB21-94EB1C8DA1BC}"
EndProject
Project("{FAE04EC0-301F-11D3-BF4B-00C04F79EFBC}") = "PasswordManager.Entities", "PasswordManager.Entities\PasswordManager.Entities.csproj", "{5CF504C6-6319-49DB-914F-6F961B97A245}"
EndProject
Project("{FAE04EC0-301F-11D3-BF4B-00C04F79EFBC}") = "PasswordManager.Database", "PasswordManager.Database\PasswordManager.Database.csproj", "{B5BA6B02-1D85-40D4-A26B-AECF9160929B}"
EndProject
Project("{FAE04EC0-301F-11D3-BF4B-00C04F79EFBC}") = "PasswordManager.Services", "PasswordManager.Services\PasswordManager.Services.csproj", "{02B842AD-CFE4-42EF-8A22-3ACA55F0C8F8}"
EndProject
Project("{FAE04EC0-301F-11D3-BF4B-00C04F79EFBC}") = "PasswordManager.Hash", "PasswordManager.Hash\PasswordManager.Hash.csproj", "{CC42558C-6EFA-446C-92AF-5C891AF193A7}"
EndProject
Project("{FAE04EC0-301F-11D3-BF4B-00C04F79EFBC}") = "PasswordManager.Data", "PasswordManager.Data\PasswordManager.Data.csproj", "{BFE6E350-BF15-420E-8456-39F1DEACBBAA}"
EndProject
Project("{FAE04EC0-301F-11D3-BF4B-00C04F79EFBC}") = "PasswordManager.Globals", "PasswordManager.Globals\PasswordManager.Globals.csproj", "{7A2D680D-21E2-460F-BAEF-BE6BAE41C3DC}"
EndProject
Global
	GlobalSection(SolutionConfigurationPlatforms) = preSolution
		Debug|Any CPU = Debug|Any CPU
		Release|Any CPU = Release|Any CPU
	EndGlobalSection
	GlobalSection(ProjectConfigurationPlatforms) = postSolution
		{22022209-9E4A-4AF2-AB21-94EB1C8DA1BC}.Debug|Any CPU.ActiveCfg = Debug|Any CPU
		{22022209-9E4A-4AF2-AB21-94EB1C8DA1BC}.Debug|Any CPU.Build.0 = Debug|Any CPU
		{22022209-9E4A-4AF2-AB21-94EB1C8DA1BC}.Release|Any CPU.ActiveCfg = Release|Any CPU
		{22022209-9E4A-4AF2-AB21-94EB1C8DA1BC}.Release|Any CPU.Build.0 = Release|Any CPU
		{5CF504C6-6319-49DB-914F-6F961B97A245}.Debug|Any CPU.ActiveCfg = Debug|Any CPU
		{5CF504C6-6319-49DB-914F-6F961B97A245}.Debug|Any CPU.Build.0 = Debug|Any CPU
		{5CF504C6-6319-49DB-914F-6F961B97A245}.Release|Any CPU.ActiveCfg = Release|Any CPU
		{5CF504C6-6319-49DB-914F-6F961B97A245}.Release|Any CPU.Build.0 = Release|Any CPU
		{B5BA6B02-1D85-40D4-A26B-AECF9160929B}.Debug|Any CPU.ActiveCfg = Debug|Any CPU
		{B5BA6B02-1D85-40D4-A26B-AECF9160929B}.Debug|Any CPU.Build.0 = Debug|Any CPU
		{B5BA6B02-1D85-40D4-A26B-AECF9160929B}.Release|Any CPU.ActiveCfg = Release|Any CPU
		{B5BA6B02-1D85-40D4-A26B-AECF9160929B}.Release|Any CPU.Build.0 = Release|Any CPU
		{02B842AD-CFE4-42EF-8A22-3ACA55F0C8F8}.Debug|Any CPU.ActiveCfg = Debug|Any CPU
		{02B842AD-CFE4-42EF-8A22-3ACA55F0C8F8}.Debug|Any CPU.Build.0 = Debug|Any CPU
		{02B842AD-CFE4-42EF-8A22-3ACA55F0C8F8}.Release|Any CPU.ActiveCfg = Release|Any CPU
		{02B842AD-CFE4-42EF-8A22-3ACA55F0C8F8}.Release|Any CPU.Build.0 = Release|Any CPU
		{CC42558C-6EFA-446C-92AF-5C891AF193A7}.Debug|Any CPU.ActiveCfg = Debug|Any CPU
		{CC42558C-6EFA-446C-92AF-5C891AF193A7}.Debug|Any CPU.Build.0 = Debug|Any CPU
		{CC42558C-6EFA-446C-92AF-5C891AF193A7}.Release|Any CPU.ActiveCfg = Release|Any CPU
		{CC42558C-6EFA-446C-92AF-5C891AF193A7}.Release|Any CPU.Build.0 = Release|Any CPU
		{BFE6E350-BF15-420E-8456-39F1DEACBBAA}.Debug|Any CPU.ActiveCfg = Debug|Any CPU
		{BFE6E350-BF15-420E-8456-39F1DEACBBAA}.Debug|Any CPU.Build.0 = Debug|Any CPU
		{BFE6E350-BF15-420E-8456-39F1DEACBBAA}.Release|Any CPU.ActiveCfg = Release|Any CPU
		{BFE6E350-BF15-420E-8456-39F1DEACBBAA}.Release|Any CPU.Build.0 = Release|Any CPU
		{7A2D680D-21E2-460F-BAEF-BE6BAE41C3DC}.Debug|Any CPU.ActiveCfg = Debug|Any CPU
		{7A2D680D-21E2-460F-BAEF-BE6BAE41C3DC}.Debug|Any CPU.Build.0 = Debug|Any CPU
		{7A2D680D-21E2-460F-BAEF-BE6BAE41C3DC}.Release|Any CPU.ActiveCfg = Release|Any CPU
		{7A2D680D-21E2-460F-BAEF-BE6BAE41C3DC}.Release|Any CPU.Build.0 = Release|Any CPU
	EndGlobalSection
	GlobalSection(SolutionProperties) = preSolution
		HideSolutionNode = FALSE
	EndGlobalSection
	GlobalSection(ExtensibilityGlobals) = postSolution
		SolutionGuid = {2AE8AE3B-C174-484A-B147-1B2BDE27BF38}
	EndGlobalSection
EndGlobal
